// !$*UTF8*$!
{
	archiveVersion = 1;
	classes = {
	};
	objectVersion = 50;
	objects = {

/* Begin PBXBuildFile section */
		C8891A04268204C1009211C0 /* AppDelegate.swift in Sources */ = {isa = PBXBuildFile; fileRef = C8891A03268204C1009211C0 /* AppDelegate.swift */; };
		C8891A06268204C1009211C0 /* SceneDelegate.swift in Sources */ = {isa = PBXBuildFile; fileRef = C8891A05268204C1009211C0 /* SceneDelegate.swift */; };
		C8891A08268204C1009211C0 /* ViewController.swift in Sources */ = {isa = PBXBuildFile; fileRef = C8891A07268204C1009211C0 /* ViewController.swift */; };
		C8891A0B268204C1009211C0 /* Main.storyboard in Resources */ = {isa = PBXBuildFile; fileRef = C8891A09268204C1009211C0 /* Main.storyboard */; };
		C8891A0E268204C1009211C0 /* Challenge.xcdatamodeld in Sources */ = {isa = PBXBuildFile; fileRef = C8891A0C268204C1009211C0 /* Challenge.xcdatamodeld */; };
		C8891A10268204C3009211C0 /* Assets.xcassets in Resources */ = {isa = PBXBuildFile; fileRef = C8891A0F268204C3009211C0 /* Assets.xcassets */; };
		C8891A13268204C3009211C0 /* LaunchScreen.storyboard in Resources */ = {isa = PBXBuildFile; fileRef = C8891A11268204C3009211C0 /* LaunchScreen.storyboard */; };
		C8891A1E268204C3009211C0 /* ChallengeTests.swift in Sources */ = {isa = PBXBuildFile; fileRef = C8891A1D268204C3009211C0 /* ChallengeTests.swift */; };
		C8891A29268204C3009211C0 /* ChallengeUITests.swift in Sources */ = {isa = PBXBuildFile; fileRef = C8891A28268204C3009211C0 /* ChallengeUITests.swift */; };
/* End PBXBuildFile section */

/* Begin PBXContainerItemProxy section */
		C8891A1A268204C3009211C0 /* PBXContainerItemProxy */ = {
			isa = PBXContainerItemProxy;
			containerPortal = C88919F8268204C0009211C0 /* Project object */;
			proxyType = 1;
			remoteGlobalIDString = C88919FF268204C1009211C0;
			remoteInfo = Challenge;
		};
		C8891A25268204C3009211C0 /* PBXContainerItemProxy */ = {
			isa = PBXContainerItemProxy;
			containerPortal = C88919F8268204C0009211C0 /* Project object */;
			proxyType = 1;
			remoteGlobalIDString = C88919FF268204C1009211C0;
			remoteInfo = Challenge;
		};
/* End PBXContainerItemProxy section */

/* Begin PBXFileReference section */
		C8891A00268204C1009211C0 /* Challenge.app */ = {isa = PBXFileReference; explicitFileType = wrapper.application; includeInIndex = 0; path = Challenge.app; sourceTree = BUILT_PRODUCTS_DIR; };
		C8891A03268204C1009211C0 /* AppDelegate.swift */ = {isa = PBXFileReference; lastKnownFileType = sourcecode.swift; path = AppDelegate.swift; sourceTree = "<group>"; };
		C8891A05268204C1009211C0 /* SceneDelegate.swift */ = {isa = PBXFileReference; lastKnownFileType = sourcecode.swift; path = SceneDelegate.swift; sourceTree = "<group>"; };
		C8891A07268204C1009211C0 /* ViewController.swift */ = {isa = PBXFileReference; lastKnownFileType = sourcecode.swift; path = ViewController.swift; sourceTree = "<group>"; };
		C8891A0A268204C1009211C0 /* Base */ = {isa = PBXFileReference; lastKnownFileType = file.storyboard; name = Base; path = Base.lproj/Main.storyboard; sourceTree = "<group>"; };
		C8891A0D268204C1009211C0 /* Challenge.xcdatamodel */ = {isa = PBXFileReference; lastKnownFileType = wrapper.xcdatamodel; path = Challenge.xcdatamodel; sourceTree = "<group>"; };
		C8891A0F268204C3009211C0 /* Assets.xcassets */ = {isa = PBXFileReference; lastKnownFileType = folder.assetcatalog; path = Assets.xcassets; sourceTree = "<group>"; };
		C8891A12268204C3009211C0 /* Base */ = {isa = PBXFileReference; lastKnownFileType = file.storyboard; name = Base; path = Base.lproj/LaunchScreen.storyboard; sourceTree = "<group>"; };
		C8891A14268204C3009211C0 /* Info.plist */ = {isa = PBXFileReference; lastKnownFileType = text.plist.xml; path = Info.plist; sourceTree = "<group>"; };
		C8891A19268204C3009211C0 /* ChallengeTests.xctest */ = {isa = PBXFileReference; explicitFileType = wrapper.cfbundle; includeInIndex = 0; path = ChallengeTests.xctest; sourceTree = BUILT_PRODUCTS_DIR; };
		C8891A1D268204C3009211C0 /* ChallengeTests.swift */ = {isa = PBXFileReference; lastKnownFileType = sourcecode.swift; path = ChallengeTests.swift; sourceTree = "<group>"; };
		C8891A1F268204C3009211C0 /* Info.plist */ = {isa = PBXFileReference; lastKnownFileType = text.plist.xml; path = Info.plist; sourceTree = "<group>"; };
		C8891A24268204C3009211C0 /* ChallengeUITests.xctest */ = {isa = PBXFileReference; explicitFileType = wrapper.cfbundle; includeInIndex = 0; path = ChallengeUITests.xctest; sourceTree = BUILT_PRODUCTS_DIR; };
		C8891A28268204C3009211C0 /* ChallengeUITests.swift */ = {isa = PBXFileReference; lastKnownFileType = sourcecode.swift; path = ChallengeUITests.swift; sourceTree = "<group>"; };
		C8891A2A268204C3009211C0 /* Info.plist */ = {isa = PBXFileReference; lastKnownFileType = text.plist.xml; path = Info.plist; sourceTree = "<group>"; };
/* End PBXFileReference section */

/* Begin PBXFrameworksBuildPhase section */
		C88919FD268204C1009211C0 /* Frameworks */ = {
			isa = PBXFrameworksBuildPhase;
			buildActionMask = 2147483647;
			files = (
			);
			runOnlyForDeploymentPostprocessing = 0;
		};
		C8891A16268204C3009211C0 /* Frameworks */ = {
			isa = PBXFrameworksBuildPhase;
			buildActionMask = 2147483647;
			files = (
			);
			runOnlyForDeploymentPostprocessing = 0;
		};
		C8891A21268204C3009211C0 /* Frameworks */ = {
			isa = PBXFrameworksBuildPhase;
			buildActionMask = 2147483647;
			files = (
			);
			runOnlyForDeploymentPostprocessing = 0;
		};
/* End PBXFrameworksBuildPhase section */

/* Begin PBXGroup section */
		C88919F7268204C0009211C0 = {
			isa = PBXGroup;
			children = (
				C8891A02268204C1009211C0 /* Challenge */,
				C8891A1C268204C3009211C0 /* ChallengeTests */,
				C8891A27268204C3009211C0 /* ChallengeUITests */,
				C8891A01268204C1009211C0 /* Products */,
			);
			sourceTree = "<group>";
		};
		C8891A01268204C1009211C0 /* Products */ = {
			isa = PBXGroup;
			children = (
				C8891A00268204C1009211C0 /* Challenge.app */,
				C8891A19268204C3009211C0 /* ChallengeTests.xctest */,
				C8891A24268204C3009211C0 /* ChallengeUITests.xctest */,
			);
			name = Products;
			sourceTree = "<group>";
		};
		C8891A02268204C1009211C0 /* Challenge */ = {
			isa = PBXGroup;
			children = (
				C8891A03268204C1009211C0 /* AppDelegate.swift */,
				C8891A05268204C1009211C0 /* SceneDelegate.swift */,
				C8891A07268204C1009211C0 /* ViewController.swift */,
				C8891A09268204C1009211C0 /* Main.storyboard */,
				C8891A0F268204C3009211C0 /* Assets.xcassets */,
				C8891A11268204C3009211C0 /* LaunchScreen.storyboard */,
				C8891A14268204C3009211C0 /* Info.plist */,
				C8891A0C268204C1009211C0 /* Challenge.xcdatamodeld */,
			);
			path = Challenge;
			sourceTree = "<group>";
		};
		C8891A1C268204C3009211C0 /* ChallengeTests */ = {
			isa = PBXGroup;
			children = (
				C8891A1D268204C3009211C0 /* ChallengeTests.swift */,
				C8891A1F268204C3009211C0 /* Info.plist */,
			);
			path = ChallengeTests;
			sourceTree = "<group>";
		};
		C8891A27268204C3009211C0 /* ChallengeUITests */ = {
			isa = PBXGroup;
			children = (
				C8891A28268204C3009211C0 /* ChallengeUITests.swift */,
				C8891A2A268204C3009211C0 /* Info.plist */,
			);
			path = ChallengeUITests;
			sourceTree = "<group>";
		};
/* End PBXGroup section */

/* Begin PBXNativeTarget section */
		C88919FF268204C1009211C0 /* Challenge */ = {
			isa = PBXNativeTarget;
			buildConfigurationList = C8891A2D268204C3009211C0 /* Build configuration list for PBXNativeTarget "Challenge" */;
			buildPhases = (
				C88919FC268204C1009211C0 /* Sources */,
				C88919FD268204C1009211C0 /* Frameworks */,
				C88919FE268204C1009211C0 /* Resources */,
			);
			buildRules = (
			);
			dependencies = (
			);
			name = Challenge;
			productName = Challenge;
			productReference = C8891A00268204C1009211C0 /* Challenge.app */;
			productType = "com.apple.product-type.application";
		};
		C8891A18268204C3009211C0 /* ChallengeTests */ = {
			isa = PBXNativeTarget;
			buildConfigurationList = C8891A30268204C3009211C0 /* Build configuration list for PBXNativeTarget "ChallengeTests" */;
			buildPhases = (
				C8891A15268204C3009211C0 /* Sources */,
				C8891A16268204C3009211C0 /* Frameworks */,
				C8891A17268204C3009211C0 /* Resources */,
			);
			buildRules = (
			);
			dependencies = (
				C8891A1B268204C3009211C0 /* PBXTargetDependency */,
			);
			name = ChallengeTests;
			productName = ChallengeTests;
			productReference = C8891A19268204C3009211C0 /* ChallengeTests.xctest */;
			productType = "com.apple.product-type.bundle.unit-test";
		};
		C8891A23268204C3009211C0 /* ChallengeUITests */ = {
			isa = PBXNativeTarget;
			buildConfigurationList = C8891A33268204C3009211C0 /* Build configuration list for PBXNativeTarget "ChallengeUITests" */;
			buildPhases = (
				C8891A20268204C3009211C0 /* Sources */,
				C8891A21268204C3009211C0 /* Frameworks */,
				C8891A22268204C3009211C0 /* Resources */,
			);
			buildRules = (
			);
			dependencies = (
				C8891A26268204C3009211C0 /* PBXTargetDependency */,
			);
			name = ChallengeUITests;
			productName = ChallengeUITests;
			productReference = C8891A24268204C3009211C0 /* ChallengeUITests.xctest */;
			productType = "com.apple.product-type.bundle.ui-testing";
		};
/* End PBXNativeTarget section */

/* Begin PBXProject section */
		C88919F8268204C0009211C0 /* Project object */ = {
			isa = PBXProject;
			attributes = {
				LastSwiftUpdateCheck = 1250;
				LastUpgradeCheck = 1250;
				TargetAttributes = {
					C88919FF268204C1009211C0 = {
						CreatedOnToolsVersion = 12.5;
					};
					C8891A18268204C3009211C0 = {
						CreatedOnToolsVersion = 12.5;
						TestTargetID = C88919FF268204C1009211C0;
					};
					C8891A23268204C3009211C0 = {
						CreatedOnToolsVersion = 12.5;
						TestTargetID = C88919FF268204C1009211C0;
					};
				};
			};
			buildConfigurationList = C88919FB268204C0009211C0 /* Build configuration list for PBXProject "Challenge" */;
			compatibilityVersion = "Xcode 9.3";
			developmentRegion = en;
			hasScannedForEncodings = 0;
			knownRegions = (
				en,
				Base,
			);
			mainGroup = C88919F7268204C0009211C0;
			productRefGroup = C8891A01268204C1009211C0 /* Products */;
			projectDirPath = "";
			projectRoot = "";
			targets = (
				C88919FF268204C1009211C0 /* Challenge */,
				C8891A18268204C3009211C0 /* ChallengeTests */,
				C8891A23268204C3009211C0 /* ChallengeUITests */,
			);
		};
/* End PBXProject section */

/* Begin PBXResourcesBuildPhase section */
		C88919FE268204C1009211C0 /* Resources */ = {
			isa = PBXResourcesBuildPhase;
			buildActionMask = 2147483647;
			files = (
				C8891A13268204C3009211C0 /* LaunchScreen.storyboard in Resources */,
				C8891A10268204C3009211C0 /* Assets.xcassets in Resources */,
				C8891A0B268204C1009211C0 /* Main.storyboard in Resources */,
			);
			runOnlyForDeploymentPostprocessing = 0;
		};
		C8891A17268204C3009211C0 /* Resources */ = {
			isa = PBXResourcesBuildPhase;
			buildActionMask = 2147483647;
			files = (
			);
			runOnlyForDeploymentPostprocessing = 0;
		};
		C8891A22268204C3009211C0 /* Resources */ = {
			isa = PBXResourcesBuildPhase;
			buildActionMask = 2147483647;
			files = (
			);
			runOnlyForDeploymentPostprocessing = 0;
		};
/* End PBXResourcesBuildPhase section */

/* Begin PBXSourcesBuildPhase section */
		C88919FC268204C1009211C0 /* Sources */ = {
			isa = PBXSourcesBuildPhase;
			buildActionMask = 2147483647;
			files = (
				C8891A08268204C1009211C0 /* ViewController.swift in Sources */,
				C8891A0E268204C1009211C0 /* Challenge.xcdatamodeld in Sources */,
				C8891A04268204C1009211C0 /* AppDelegate.swift in Sources */,
				C8891A06268204C1009211C0 /* SceneDelegate.swift in Sources */,
			);
			runOnlyForDeploymentPostprocessing = 0;
		};
		C8891A15268204C3009211C0 /* Sources */ = {
			isa = PBXSourcesBuildPhase;
			buildActionMask = 2147483647;
			files = (
				C8891A1E268204C3009211C0 /* ChallengeTests.swift in Sources */,
			);
			runOnlyForDeploymentPostprocessing = 0;
		};
		C8891A20268204C3009211C0 /* Sources */ = {
			isa = PBXSourcesBuildPhase;
			buildActionMask = 2147483647;
			files = (
				C8891A29268204C3009211C0 /* ChallengeUITests.swift in Sources */,
			);
			runOnlyForDeploymentPostprocessing = 0;
		};
/* End PBXSourcesBuildPhase section */

/* Begin PBXTargetDependency section */
		C8891A1B268204C3009211C0 /* PBXTargetDependency */ = {
			isa = PBXTargetDependency;
			target = C88919FF268204C1009211C0 /* Challenge */;
			targetProxy = C8891A1A268204C3009211C0 /* PBXContainerItemProxy */;
		};
		C8891A26268204C3009211C0 /* PBXTargetDependency */ = {
			isa = PBXTargetDependency;
			target = C88919FF268204C1009211C0 /* Challenge */;
			targetProxy = C8891A25268204C3009211C0 /* PBXContainerItemProxy */;
		};
/* End PBXTargetDependency section */

/* Begin PBXVariantGroup section */
		C8891A09268204C1009211C0 /* Main.storyboard */ = {
			isa = PBXVariantGroup;
			children = (
				C8891A0A268204C1009211C0 /* Base */,
			);
			name = Main.storyboard;
			sourceTree = "<group>";
		};
		C8891A11268204C3009211C0 /* LaunchScreen.storyboard */ = {
			isa = PBXVariantGroup;
			children = (
				C8891A12268204C3009211C0 /* Base */,
			);
			name = LaunchScreen.storyboard;
			sourceTree = "<group>";
		};
/* End PBXVariantGroup section */

/* Begin XCBuildConfiguration section */
		C8891A2B268204C3009211C0 /* Debug */ = {
			isa = XCBuildConfiguration;
			buildSettings = {
				ALWAYS_SEARCH_USER_PATHS = NO;
				CLANG_ANALYZER_NONNULL = YES;
				CLANG_ANALYZER_NUMBER_OBJECT_CONVERSION = YES_AGGRESSIVE;
				CLANG_CXX_LANGUAGE_STANDARD = "gnu++14";
				CLANG_CXX_LIBRARY = "libc++";
				CLANG_ENABLE_MODULES = YES;
				CLANG_ENABLE_OBJC_ARC = YES;
				CLANG_ENABLE_OBJC_WEAK = YES;
				CLANG_WARN_BLOCK_CAPTURE_AUTORELEASING = YES;
				CLANG_WARN_BOOL_CONVERSION = YES;
				CLANG_WARN_COMMA = YES;
				CLANG_WARN_CONSTANT_CONVERSION = YES;
				CLANG_WARN_DEPRECATED_OBJC_IMPLEMENTATIONS = YES;
				CLANG_WARN_DIRECT_OBJC_ISA_USAGE = YES_ERROR;
				CLANG_WARN_DOCUMENTATION_COMMENTS = YES;
				CLANG_WARN_EMPTY_BODY = YES;
				CLANG_WARN_ENUM_CONVERSION = YES;
				CLANG_WARN_INFINITE_RECURSION = YES;
				CLANG_WARN_INT_CONVERSION = YES;
				CLANG_WARN_NON_LITERAL_NULL_CONVERSION = YES;
				CLANG_WARN_OBJC_IMPLICIT_RETAIN_SELF = YES;
				CLANG_WARN_OBJC_LITERAL_CONVERSION = YES;
				CLANG_WARN_OBJC_ROOT_CLASS = YES_ERROR;
				CLANG_WARN_QUOTED_INCLUDE_IN_FRAMEWORK_HEADER = YES;
				CLANG_WARN_RANGE_LOOP_ANALYSIS = YES;
				CLANG_WARN_STRICT_PROTOTYPES = YES;
				CLANG_WARN_SUSPICIOUS_MOVE = YES;
				CLANG_WARN_UNGUARDED_AVAILABILITY = YES_AGGRESSIVE;
				CLANG_WARN_UNREACHABLE_CODE = YES;
				CLANG_WARN__DUPLICATE_METHOD_MATCH = YES;
				COPY_PHASE_STRIP = NO;
				DEBUG_INFORMATION_FORMAT = dwarf;
				ENABLE_STRICT_OBJC_MSGSEND = YES;
				ENABLE_TESTABILITY = YES;
				GCC_C_LANGUAGE_STANDARD = gnu11;
				GCC_DYNAMIC_NO_PIC = NO;
				GCC_NO_COMMON_BLOCKS = YES;
				GCC_OPTIMIZATION_LEVEL = 0;
				GCC_PREPROCESSOR_DEFINITIONS = (
					"DEBUG=1",
					"$(inherited)",
				);
				GCC_WARN_64_TO_32_BIT_CONVERSION = YES;
				GCC_WARN_ABOUT_RETURN_TYPE = YES_ERROR;
				GCC_WARN_UNDECLARED_SELECTOR = YES;
				GCC_WARN_UNINITIALIZED_AUTOS = YES_AGGRESSIVE;
				GCC_WARN_UNUSED_FUNCTION = YES;
				GCC_WARN_UNUSED_VARIABLE = YES;
				IPHONEOS_DEPLOYMENT_TARGET = 14.5;
				MTL_ENABLE_DEBUG_INFO = INCLUDE_SOURCE;
				MTL_FAST_MATH = YES;
				ONLY_ACTIVE_ARCH = YES;
				SDKROOT = iphoneos;
				SWIFT_ACTIVE_COMPILATION_CONDITIONS = DEBUG;
				SWIFT_OPTIMIZATION_LEVEL = "-Onone";
			};
			name = Debug;
		};
		C8891A2C268204C3009211C0 /* Release */ = {
			isa = XCBuildConfiguration;
			buildSettings = {
				ALWAYS_SEARCH_USER_PATHS = NO;
				CLANG_ANALYZER_NONNULL = YES;
				CLANG_ANALYZER_NUMBER_OBJECT_CONVERSION = YES_AGGRESSIVE;
				CLANG_CXX_LANGUAGE_STANDARD = "gnu++14";
				CLANG_CXX_LIBRARY = "libc++";
				CLANG_ENABLE_MODULES = YES;
				CLANG_ENABLE_OBJC_ARC = YES;
				CLANG_ENABLE_OBJC_WEAK = YES;
				CLANG_WARN_BLOCK_CAPTURE_AUTORELEASING = YES;
				CLANG_WARN_BOOL_CONVERSION = YES;
				CLANG_WARN_COMMA = YES;
				CLANG_WARN_CONSTANT_CONVERSION = YES;
				CLANG_WARN_DEPRECATED_OBJC_IMPLEMENTATIONS = YES;
				CLANG_WARN_DIRECT_OBJC_ISA_USAGE = YES_ERROR;
				CLANG_WARN_DOCUMENTATION_COMMENTS = YES;
				CLANG_WARN_EMPTY_BODY = YES;
				CLANG_WARN_ENUM_CONVERSION = YES;
				CLANG_WARN_INFINITE_RECURSION = YES;
				CLANG_WARN_INT_CONVERSION = YES;
				CLANG_WARN_NON_LITERAL_NULL_CONVERSION = YES;
				CLANG_WARN_OBJC_IMPLICIT_RETAIN_SELF = YES;
				CLANG_WARN_OBJC_LITERAL_CONVERSION = YES;
				CLANG_WARN_OBJC_ROOT_CLASS = YES_ERROR;
				CLANG_WARN_QUOTED_INCLUDE_IN_FRAMEWORK_HEADER = YES;
				CLANG_WARN_RANGE_LOOP_ANALYSIS = YES;
				CLANG_WARN_STRICT_PROTOTYPES = YES;
				CLANG_WARN_SUSPICIOUS_MOVE = YES;
				CLANG_WARN_UNGUARDED_AVAILABILITY = YES_AGGRESSIVE;
				CLANG_WARN_UNREACHABLE_CODE = YES;
				CLANG_WARN__DUPLICATE_METHOD_MATCH = YES;
				COPY_PHASE_STRIP = NO;
				DEBUG_INFORMATION_FORMAT = "dwarf-with-dsym";
				ENABLE_NS_ASSERTIONS = NO;
				ENABLE_STRICT_OBJC_MSGSEND = YES;
				GCC_C_LANGUAGE_STANDARD = gnu11;
				GCC_NO_COMMON_BLOCKS = YES;
				GCC_WARN_64_TO_32_BIT_CONVERSION = YES;
				GCC_WARN_ABOUT_RETURN_TYPE = YES_ERROR;
				GCC_WARN_UNDECLARED_SELECTOR = YES;
				GCC_WARN_UNINITIALIZED_AUTOS = YES_AGGRESSIVE;
				GCC_WARN_UNUSED_FUNCTION = YES;
				GCC_WARN_UNUSED_VARIABLE = YES;
				IPHONEOS_DEPLOYMENT_TARGET = 14.5;
				MTL_ENABLE_DEBUG_INFO = NO;
				MTL_FAST_MATH = YES;
				SDKROOT = iphoneos;
				SWIFT_COMPILATION_MODE = wholemodule;
				SWIFT_OPTIMIZATION_LEVEL = "-O";
				VALIDATE_PRODUCT = YES;
			};
			name = Release;
		};
		C8891A2E268204C3009211C0 /* Debug */ = {
			isa = XCBuildConfiguration;
			buildSettings = {
				ASSETCATALOG_COMPILER_APPICON_NAME = AppIcon;
				ASSETCATALOG_COMPILER_GLOBAL_ACCENT_COLOR_NAME = AccentColor;
				CODE_SIGN_STYLE = Automatic;
				INFOPLIST_FILE = Challenge/Info.plist;
				LD_RUNPATH_SEARCH_PATHS = (
					"$(inherited)",
					"@executable_path/Frameworks",
				);
				PRODUCT_BUNDLE_IDENTIFIER = com.challenge.jobsity.Challenge;
				PRODUCT_NAME = "$(TARGET_NAME)";
				SWIFT_VERSION = 5.0;
				TARGETED_DEVICE_FAMILY = "1,2";
			};
			name = Debug;
		};
		C8891A2F268204C3009211C0 /* Release */ = {
			isa = XCBuildConfiguration;
			buildSettings = {
				ASSETCATALOG_COMPILER_APPICON_NAME = AppIcon;
				ASSETCATALOG_COMPILER_GLOBAL_ACCENT_COLOR_NAME = AccentColor;
				CODE_SIGN_STYLE = Automatic;
				INFOPLIST_FILE = Challenge/Info.plist;
				LD_RUNPATH_SEARCH_PATHS = (
					"$(inherited)",
					"@executable_path/Frameworks",
				);
				PRODUCT_BUNDLE_IDENTIFIER = com.challenge.jobsity.Challenge;
				PRODUCT_NAME = "$(TARGET_NAME)";
				SWIFT_VERSION = 5.0;
				TARGETED_DEVICE_FAMILY = "1,2";
			};
			name = Release;
		};
		C8891A31268204C3009211C0 /* Debug */ = {
			isa = XCBuildConfiguration;
			buildSettings = {
				ALWAYS_EMBED_SWIFT_STANDARD_LIBRARIES = YES;
				BUNDLE_LOADER = "$(TEST_HOST)";
				CODE_SIGN_STYLE = Automatic;
				INFOPLIST_FILE = ChallengeTests/Info.plist;
				IPHONEOS_DEPLOYMENT_TARGET = 14.5;
				LD_RUNPATH_SEARCH_PATHS = (
					"$(inherited)",
					"@executable_path/Frameworks",
					"@loader_path/Frameworks",
				);
				PRODUCT_BUNDLE_IDENTIFIER = com.challenge.jobsity.ChallengeTests;
				PRODUCT_NAME = "$(TARGET_NAME)";
				SWIFT_VERSION = 5.0;
				TARGETED_DEVICE_FAMILY = "1,2";
				TEST_HOST = "$(BUILT_PRODUCTS_DIR)/Challenge.app/Challenge";
			};
			name = Debug;
		};
		C8891A32268204C3009211C0 /* Release */ = {
			isa = XCBuildConfiguration;
			buildSettings = {
				ALWAYS_EMBED_SWIFT_STANDARD_LIBRARIES = YES;
				BUNDLE_LOADER = "$(TEST_HOST)";
				CODE_SIGN_STYLE = Automatic;
				INFOPLIST_FILE = ChallengeTests/Info.plist;
				IPHONEOS_DEPLOYMENT_TARGET = 14.5;
				LD_RUNPATH_SEARCH_PATHS = (
					"$(inherited)",
					"@executable_path/Frameworks",
					"@loader_path/Frameworks",
				);
				PRODUCT_BUNDLE_IDENTIFIER = com.challenge.jobsity.ChallengeTests;
				PRODUCT_NAME = "$(TARGET_NAME)";
				SWIFT_VERSION = 5.0;
				TARGETED_DEVICE_FAMILY = "1,2";
				TEST_HOST = "$(BUILT_PRODUCTS_DIR)/Challenge.app/Challenge";
			};
			name = Release;
		};
		C8891A34268204C3009211C0 /* Debug */ = {
			isa = XCBuildConfiguration;
			buildSettings = {
				ALWAYS_EMBED_SWIFT_STANDARD_LIBRARIES = YES;
				CODE_SIGN_STYLE = Automatic;
				INFOPLIST_FILE = ChallengeUITests/Info.plist;
				LD_RUNPATH_SEARCH_PATHS = (
					"$(inherited)",
					"@executable_path/Frameworks",
					"@loader_path/Frameworks",
				);
				PRODUCT_BUNDLE_IDENTIFIER = com.challenge.jobsity.ChallengeUITests;
				PRODUCT_NAME = "$(TARGET_NAME)";
				SWIFT_VERSION = 5.0;
				TARGETED_DEVICE_FAMILY = "1,2";
				TEST_TARGET_NAME = Challenge;
			};
			name = Debug;
		};
		C8891A35268204C3009211C0 /* Release */ = {
			isa = XCBuildConfiguration;
			buildSettings = {
				ALWAYS_EMBED_SWIFT_STANDARD_LIBRARIES = YES;
				CODE_SIGN_STYLE = Automatic;
				INFOPLIST_FILE = ChallengeUITests/Info.plist;
				LD_RUNPATH_SEARCH_PATHS = (
					"$(inherited)",
					"@executable_path/Frameworks",
					"@loader_path/Frameworks",
				);
				PRODUCT_BUNDLE_IDENTIFIER = com.challenge.jobsity.ChallengeUITests;
				PRODUCT_NAME = "$(TARGET_NAME)";
				SWIFT_VERSION = 5.0;
				TARGETED_DEVICE_FAMILY = "1,2";
				TEST_TARGET_NAME = Challenge;
			};
			name = Release;
		};
/* End XCBuildConfiguration section */

/* Begin XCConfigurationList section */
		C88919FB268204C0009211C0 /* Build configuration list for PBXProject "Challenge" */ = {
			isa = XCConfigurationList;
			buildConfigurations = (
				C8891A2B268204C3009211C0 /* Debug */,
				C8891A2C268204C3009211C0 /* Release */,
			);
			defaultConfigurationIsVisible = 0;
			defaultConfigurationName = Release;
		};
		C8891A2D268204C3009211C0 /* Build configuration list for PBXNativeTarget "Challenge" */ = {
			isa = XCConfigurationList;
			buildConfigurations = (
				C8891A2E268204C3009211C0 /* Debug */,
				C8891A2F268204C3009211C0 /* Release */,
			);
			defaultConfigurationIsVisible = 0;
			defaultConfigurationName = Release;
		};
		C8891A30268204C3009211C0 /* Build configuration list for PBXNativeTarget "ChallengeTests" */ = {
			isa = XCConfigurationList;
			buildConfigurations = (
				C8891A31268204C3009211C0 /* Debug */,
				C8891A32268204C3009211C0 /* Release */,
			);
			defaultConfigurationIsVisible = 0;
			defaultConfigurationName = Release;
		};
		C8891A33268204C3009211C0 /* Build configuration list for PBXNativeTarget "ChallengeUITests" */ = {
			isa = XCConfigurationList;
			buildConfigurations = (
				C8891A34268204C3009211C0 /* Debug */,
				C8891A35268204C3009211C0 /* Release */,
			);
			defaultConfigurationIsVisible = 0;
			defaultConfigurationName = Release;
		};
/* End XCConfigurationList section */

/* Begin XCVersionGroup section */
		C8891A0C268204C1009211C0 /* Challenge.xcdatamodeld */ = {
			isa = XCVersionGroup;
			children = (
				C8891A0D268204C1009211C0 /* Challenge.xcdatamodel */,
			);
			currentVersion = C8891A0D268204C1009211C0 /* Challenge.xcdatamodel */;
			path = Challenge.xcdatamodeld;
			sourceTree = "<group>";
			versionGroupType = wrapper.xcdatamodel;
		};
/* End XCVersionGroup section */
	};
	rootObject = C88919F8268204C0009211C0 /* Project object */;
}
